
Microsoft Visual Studio Solution File, Format Version 12.00
# Visual Studio Version 17
VisualStudioVersion = 17.1.32414.318
MinimumVisualStudioVersion = 10.0.40219.1
Project("{FAE04EC0-301F-11D3-BF4B-00C04F79EFBC}") = "WhiteBoardSession", "WhiteBoardSession\WhiteBoardSession.csproj", "{2A760488-04E6-449B-9C59-2247B93A3AAC}"
EndProject
Global
	GlobalSection(SolutionConfigurationPlatforms) = preSolution
		Debug|Any CPU = Debug|Any CPU
		Release|Any CPU = Release|Any CPU
	EndGlobalSection
	GlobalSection(ProjectConfigurationPlatforms) = postSolution
		{2A760488-04E6-449B-9C59-2247B93A3AAC}.Debug|Any CPU.ActiveCfg = Debug|Any CPU
		{2A760488-04E6-449B-9C59-2247B93A3AAC}.Debug|Any CPU.Build.0 = Debug|Any CPU
		{2A760488-04E6-449B-9C59-2247B93A3AAC}.Release|Any CPU.ActiveCfg = Release|Any CPU
		{2A760488-04E6-449B-9C59-2247B93A3AAC}.Release|Any CPU.Build.0 = Release|Any CPU
	EndGlobalSection
	GlobalSection(SolutionProperties) = preSolution
		HideSolutionNode = FALSE
	EndGlobalSection
	GlobalSection(ExtensibilityGlobals) = postSolution
		SolutionGuid = {0CFB30E8-EE27-4582-BADD-FB76E7269944}
	EndGlobalSection
EndGlobal
